
Microsoft Visual Studio Solution File, Format Version 12.00
# Visual Studio Version 16
VisualStudioVersion = 16.0.29519.87
MinimumVisualStudioVersion = 10.0.40219.1
Project("{FAE04EC0-301F-11D3-BF4B-00C04F79EFBC}") = "BridgeAmazon", "BridgeAmazon\BridgeAmazon.csproj", "{DCEB0F73-0212-460B-BEDC-2F361608DC88}"
EndProject
Global
	GlobalSection(SolutionConfigurationPlatforms) = preSolution
		Debug|Any CPU = Debug|Any CPU
		Release|Any CPU = Release|Any CPU
	EndGlobalSection
	GlobalSection(ProjectConfigurationPlatforms) = postSolution
		{DCEB0F73-0212-460B-BEDC-2F361608DC88}.Debug|Any CPU.ActiveCfg = Debug|Any CPU
		{DCEB0F73-0212-460B-BEDC-2F361608DC88}.Debug|Any CPU.Build.0 = Debug|Any CPU
		{DCEB0F73-0212-460B-BEDC-2F361608DC88}.Release|Any CPU.ActiveCfg = Release|Any CPU
		{DCEB0F73-0212-460B-BEDC-2F361608DC88}.Release|Any CPU.Build.0 = Release|Any CPU
	EndGlobalSection
	GlobalSection(SolutionProperties) = preSolution
		HideSolutionNode = FALSE
	EndGlobalSection
	GlobalSection(ExtensibilityGlobals) = postSolution
		SolutionGuid = {AEB3C19E-EBFA-4319-95DD-BFA8F3C5249A}
	EndGlobalSection
EndGlobal
